
Microsoft Visual Studio Solution File, Format Version 12.00
# Visual Studio Version 17
VisualStudioVersion = 17.4.33205.214
MinimumVisualStudioVersion = 10.0.40219.1
Project("{FAE04EC0-301F-11D3-BF4B-00C04F79EFBC}") = "Jack Wilson 26364588 Algorithms And Complexity 2223 CMP1124 Assessment 1", "Jack Wilson 26364588 Algorithms And Complexity 2223 CMP1124 Assessment 1.csproj", "{5B185E10-7896-4262-BF1B-3D23EE606EAC}"
EndProject
Global
	GlobalSection(SolutionConfigurationPlatforms) = preSolution
		Debug|Any CPU = Debug|Any CPU
		Release|Any CPU = Release|Any CPU
	EndGlobalSection
	GlobalSection(ProjectConfigurationPlatforms) = postSolution
		{5B185E10-7896-4262-BF1B-3D23EE606EAC}.Debug|Any CPU.ActiveCfg = Debug|Any CPU
		{5B185E10-7896-4262-BF1B-3D23EE606EAC}.Debug|Any CPU.Build.0 = Debug|Any CPU
		{5B185E10-7896-4262-BF1B-3D23EE606EAC}.Release|Any CPU.ActiveCfg = Release|Any CPU
		{5B185E10-7896-4262-BF1B-3D23EE606EAC}.Release|Any CPU.Build.0 = Release|Any CPU
	EndGlobalSection
	GlobalSection(SolutionProperties) = preSolution
		HideSolutionNode = FALSE
	EndGlobalSection
	GlobalSection(ExtensibilityGlobals) = postSolution
		SolutionGuid = {D2C1AA0F-A47E-4DCD-9297-C9E30DF3C933}
	EndGlobalSection
EndGlobal
